
Microsoft Visual Studio Solution File, Format Version 12.00
# Visual Studio 15
VisualStudioVersion = 15.0.28010.2036
MinimumVisualStudioVersion = 10.0.40219.1
Project("{FAE04EC0-301F-11D3-BF4B-00C04F79EFBC}") = "TablePaginationASP", "TablePaginationASP\TablePaginationASP.csproj", "{A8CE448D-7AE6-498A-8256-55C0C02DFBDB}"
EndProject
Global
	GlobalSection(SolutionConfigurationPlatforms) = preSolution
		Debug|Any CPU = Debug|Any CPU
		Release|Any CPU = Release|Any CPU
	EndGlobalSection
	GlobalSection(ProjectConfigurationPlatforms) = postSolution
		{A8CE448D-7AE6-498A-8256-55C0C02DFBDB}.Debug|Any CPU.ActiveCfg = Debug|Any CPU
		{A8CE448D-7AE6-498A-8256-55C0C02DFBDB}.Debug|Any CPU.Build.0 = Debug|Any CPU
		{A8CE448D-7AE6-498A-8256-55C0C02DFBDB}.Release|Any CPU.ActiveCfg = Release|Any CPU
		{A8CE448D-7AE6-498A-8256-55C0C02DFBDB}.Release|Any CPU.Build.0 = Release|Any CPU
	EndGlobalSection
	GlobalSection(SolutionProperties) = preSolution
		HideSolutionNode = FALSE
	EndGlobalSection
	GlobalSection(ExtensibilityGlobals) = postSolution
		SolutionGuid = {E449E39C-22D0-4221-A312-B05E4B942F22}
	EndGlobalSection
EndGlobal
